{
  "name": "CSS",
  "lockfileVersion": 3,
  "requires": true,
  "packages": {
    "": {
      "dependencies": {
        "@fontsource/inter": "^5.0.16"
      }
    },
    "node_modules/@fontsource/inter": {
      "version": "5.0.16",
      "resolved": "https://registry.npmjs.org/@fontsource/inter/-/inter-5.0.16.tgz",
      "integrity": "sha512-qF0aH5UiZvCmneX5orJbVRoc2VTyLTV3X/7laMp03Qt28L+B9tFlZODOGUL64wDWc69YVdi1LeJB0cIgd51lvw=="
    }
  }
}
